
Microsoft Visual Studio Solution File, Format Version 12.00
# Visual Studio Version 16
VisualStudioVersion = 16.0.32106.194
MinimumVisualStudioVersion = 10.0.40219.1
Project("{FAE04EC0-301F-11D3-BF4B-00C04F79EFBC}") = "WPFCollege", "WPFCollege\WPFCollege.csproj", "{FAB25D84-F1C9-4DAC-BD8F-A5B2FF7209B8}"
EndProject
Project("{FAE04EC0-301F-11D3-BF4B-00C04F79EFBC}") = "BIZ", "BIZ\BIZ.csproj", "{33BE4771-7CF3-4AD0-A6E0-0EA4114F5C54}"
EndProject
Project("{FAE04EC0-301F-11D3-BF4B-00C04F79EFBC}") = "DAL", "DAL\DAL.csproj", "{4801B270-0B8E-4423-8161-FF0DA4717D9B}"
EndProject
Global
	GlobalSection(SolutionConfigurationPlatforms) = preSolution
		Debug|Any CPU = Debug|Any CPU
		Release|Any CPU = Release|Any CPU
	EndGlobalSection
	GlobalSection(ProjectConfigurationPlatforms) = postSolution
		{FAB25D84-F1C9-4DAC-BD8F-A5B2FF7209B8}.Debug|Any CPU.ActiveCfg = Debug|Any CPU
		{FAB25D84-F1C9-4DAC-BD8F-A5B2FF7209B8}.Debug|Any CPU.Build.0 = Debug|Any CPU
		{FAB25D84-F1C9-4DAC-BD8F-A5B2FF7209B8}.Release|Any CPU.ActiveCfg = Release|Any CPU
		{FAB25D84-F1C9-4DAC-BD8F-A5B2FF7209B8}.Release|Any CPU.Build.0 = Release|Any CPU
		{33BE4771-7CF3-4AD0-A6E0-0EA4114F5C54}.Debug|Any CPU.ActiveCfg = Debug|Any CPU
		{33BE4771-7CF3-4AD0-A6E0-0EA4114F5C54}.Debug|Any CPU.Build.0 = Debug|Any CPU
		{33BE4771-7CF3-4AD0-A6E0-0EA4114F5C54}.Release|Any CPU.ActiveCfg = Release|Any CPU
		{33BE4771-7CF3-4AD0-A6E0-0EA4114F5C54}.Release|Any CPU.Build.0 = Release|Any CPU
		{4801B270-0B8E-4423-8161-FF0DA4717D9B}.Debug|Any CPU.ActiveCfg = Debug|Any CPU
		{4801B270-0B8E-4423-8161-FF0DA4717D9B}.Debug|Any CPU.Build.0 = Debug|Any CPU
		{4801B270-0B8E-4423-8161-FF0DA4717D9B}.Release|Any CPU.ActiveCfg = Release|Any CPU
		{4801B270-0B8E-4423-8161-FF0DA4717D9B}.Release|Any CPU.Build.0 = Release|Any CPU
	EndGlobalSection
	GlobalSection(SolutionProperties) = preSolution
		HideSolutionNode = FALSE
	EndGlobalSection
	GlobalSection(ExtensibilityGlobals) = postSolution
		SolutionGuid = {DFCAC792-E220-4A42-99AB-0C032E51E805}
	EndGlobalSection
EndGlobal
